
Microsoft Visual Studio Solution File, Format Version 12.00
# Visual Studio Version 17
VisualStudioVersion = 17.4.33213.308
MinimumVisualStudioVersion = 10.0.40219.1
Project("{FAE04EC0-301F-11D3-BF4B-00C04F79EFBC}") = "squareArea.cs", "squareArea.cs\squareArea.cs.csproj", "{3B8AEDF9-0D96-4186-A555-174BC40C64B4}"
EndProject
Global
	GlobalSection(SolutionConfigurationPlatforms) = preSolution
		Debug|Any CPU = Debug|Any CPU
		Release|Any CPU = Release|Any CPU
	EndGlobalSection
	GlobalSection(ProjectConfigurationPlatforms) = postSolution
		{3B8AEDF9-0D96-4186-A555-174BC40C64B4}.Debug|Any CPU.ActiveCfg = Debug|Any CPU
		{3B8AEDF9-0D96-4186-A555-174BC40C64B4}.Debug|Any CPU.Build.0 = Debug|Any CPU
		{3B8AEDF9-0D96-4186-A555-174BC40C64B4}.Release|Any CPU.ActiveCfg = Release|Any CPU
		{3B8AEDF9-0D96-4186-A555-174BC40C64B4}.Release|Any CPU.Build.0 = Release|Any CPU
	EndGlobalSection
	GlobalSection(SolutionProperties) = preSolution
		HideSolutionNode = FALSE
	EndGlobalSection
	GlobalSection(ExtensibilityGlobals) = postSolution
		SolutionGuid = {7B4211CA-F7AE-4857-991A-0325F8AA3B31}
	EndGlobalSection
EndGlobal
